// !$*UTF8*$!
{
	archiveVersion = 1;
	classes = {
	};
	objectVersion = 55;
	objects = {

/* Begin PBXBuildFile section */
		F1C1581F27CB936E002D06A8 /* AdaptProjectApp.swift in Sources */ = {isa = PBXBuildFile; fileRef = F1C1581E27CB936E002D06A8 /* AdaptProjectApp.swift */; };
		F1C1582127CB936E002D06A8 /* ContentView.swift in Sources */ = {isa = PBXBuildFile; fileRef = F1C1582027CB936E002D06A8 /* ContentView.swift */; };
		F1C1582327CB9371002D06A8 /* Assets.xcassets in Resources */ = {isa = PBXBuildFile; fileRef = F1C1582227CB9371002D06A8 /* Assets.xcassets */; };
		F1C1582627CB9371002D06A8 /* Preview Assets.xcassets in Resources */ = {isa = PBXBuildFile; fileRef = F1C1582527CB9371002D06A8 /* Preview Assets.xcassets */; };
		F1C1583027CB9371002D06A8 /* AdaptProjectTests.swift in Sources */ = {isa = PBXBuildFile; fileRef = F1C1582F27CB9371002D06A8 /* AdaptProjectTests.swift */; };
		F1C1583A27CB9371002D06A8 /* AdaptProjectUITests.swift in Sources */ = {isa = PBXBuildFile; fileRef = F1C1583927CB9371002D06A8 /* AdaptProjectUITests.swift */; };
		F1C1583C27CB9371002D06A8 /* AdaptProjectUITestsLaunchTests.swift in Sources */ = {isa = PBXBuildFile; fileRef = F1C1583B27CB9371002D06A8 /* AdaptProjectUITestsLaunchTests.swift */; };
		F1C1584A27CB9416002D06A8 /* Product.swift in Sources */ = {isa = PBXBuildFile; fileRef = F1C1584927CB9416002D06A8 /* Product.swift */; };
		F1C1584C27CBAD5C002D06A8 /* Pictures.swift in Sources */ = {isa = PBXBuildFile; fileRef = F1C1584B27CBAD5C002D06A8 /* Pictures.swift */; };
		F1C1585027CBB461002D06A8 /* ProductsListView.swift in Sources */ = {isa = PBXBuildFile; fileRef = F1C1584F27CBB461002D06A8 /* ProductsListView.swift */; };
		F1C1585227CBB47E002D06A8 /* ProductsListViewModel.swift in Sources */ = {isa = PBXBuildFile; fileRef = F1C1585127CBB47E002D06A8 /* ProductsListViewModel.swift */; };
		F1C1585527CBC995002D06A8 /* IntToDateConverter.swift in Sources */ = {isa = PBXBuildFile; fileRef = F1C1585427CBC995002D06A8 /* IntToDateConverter.swift */; };
		F1C1585727CCA86A002D06A8 /* ProductDetailsView.swift in Sources */ = {isa = PBXBuildFile; fileRef = F1C1585627CCA86A002D06A8 /* ProductDetailsView.swift */; };
/* End PBXBuildFile section */

/* Begin PBXContainerItemProxy section */
		F1C1582C27CB9371002D06A8 /* PBXContainerItemProxy */ = {
			isa = PBXContainerItemProxy;
			containerPortal = F1C1581327CB936E002D06A8 /* Project object */;
			proxyType = 1;
			remoteGlobalIDString = F1C1581A27CB936E002D06A8;
			remoteInfo = AdaptProject;
		};
		F1C1583627CB9371002D06A8 /* PBXContainerItemProxy */ = {
			isa = PBXContainerItemProxy;
			containerPortal = F1C1581327CB936E002D06A8 /* Project object */;
			proxyType = 1;
			remoteGlobalIDString = F1C1581A27CB936E002D06A8;
			remoteInfo = AdaptProject;
		};
/* End PBXContainerItemProxy section */

/* Begin PBXFileReference section */
		F1C1581B27CB936E002D06A8 /* AdaptProject.app */ = {isa = PBXFileReference; explicitFileType = wrapper.application; includeInIndex = 0; path = AdaptProject.app; sourceTree = BUILT_PRODUCTS_DIR; };
		F1C1581E27CB936E002D06A8 /* AdaptProjectApp.swift */ = {isa = PBXFileReference; lastKnownFileType = sourcecode.swift; path = AdaptProjectApp.swift; sourceTree = "<group>"; };
		F1C1582027CB936E002D06A8 /* ContentView.swift */ = {isa = PBXFileReference; lastKnownFileType = sourcecode.swift; path = ContentView.swift; sourceTree = "<group>"; };
		F1C1582227CB9371002D06A8 /* Assets.xcassets */ = {isa = PBXFileReference; lastKnownFileType = folder.assetcatalog; path = Assets.xcassets; sourceTree = "<group>"; };
		F1C1582527CB9371002D06A8 /* Preview Assets.xcassets */ = {isa = PBXFileReference; lastKnownFileType = folder.assetcatalog; path = "Preview Assets.xcassets"; sourceTree = "<group>"; };
		F1C1582B27CB9371002D06A8 /* AdaptProjectTests.xctest */ = {isa = PBXFileReference; explicitFileType = wrapper.cfbundle; includeInIndex = 0; path = AdaptProjectTests.xctest; sourceTree = BUILT_PRODUCTS_DIR; };
		F1C1582F27CB9371002D06A8 /* AdaptProjectTests.swift */ = {isa = PBXFileReference; lastKnownFileType = sourcecode.swift; path = AdaptProjectTests.swift; sourceTree = "<group>"; };
		F1C1583527CB9371002D06A8 /* AdaptProjectUITests.xctest */ = {isa = PBXFileReference; explicitFileType = wrapper.cfbundle; includeInIndex = 0; path = AdaptProjectUITests.xctest; sourceTree = BUILT_PRODUCTS_DIR; };
		F1C1583927CB9371002D06A8 /* AdaptProjectUITests.swift */ = {isa = PBXFileReference; lastKnownFileType = sourcecode.swift; path = AdaptProjectUITests.swift; sourceTree = "<group>"; };
		F1C1583B27CB9371002D06A8 /* AdaptProjectUITestsLaunchTests.swift */ = {isa = PBXFileReference; lastKnownFileType = sourcecode.swift; path = AdaptProjectUITestsLaunchTests.swift; sourceTree = "<group>"; };
		F1C1584927CB9416002D06A8 /* Product.swift */ = {isa = PBXFileReference; lastKnownFileType = sourcecode.swift; path = Product.swift; sourceTree = "<group>"; };
		F1C1584B27CBAD5C002D06A8 /* Pictures.swift */ = {isa = PBXFileReference; lastKnownFileType = sourcecode.swift; path = Pictures.swift; sourceTree = "<group>"; };
		F1C1584F27CBB461002D06A8 /* ProductsListView.swift */ = {isa = PBXFileReference; lastKnownFileType = sourcecode.swift; path = ProductsListView.swift; sourceTree = "<group>"; };
		F1C1585127CBB47E002D06A8 /* ProductsListViewModel.swift */ = {isa = PBXFileReference; lastKnownFileType = sourcecode.swift; path = ProductsListViewModel.swift; sourceTree = "<group>"; };
		F1C1585427CBC995002D06A8 /* IntToDateConverter.swift */ = {isa = PBXFileReference; lastKnownFileType = sourcecode.swift; path = IntToDateConverter.swift; sourceTree = "<group>"; };
		F1C1585627CCA86A002D06A8 /* ProductDetailsView.swift */ = {isa = PBXFileReference; lastKnownFileType = sourcecode.swift; path = ProductDetailsView.swift; sourceTree = "<group>"; };
/* End PBXFileReference section */

/* Begin PBXFrameworksBuildPhase section */
		F1C1581827CB936E002D06A8 /* Frameworks */ = {
			isa = PBXFrameworksBuildPhase;
			buildActionMask = 2147483647;
			files = (
			);
			runOnlyForDeploymentPostprocessing = 0;
		};
		F1C1582827CB9371002D06A8 /* Frameworks */ = {
			isa = PBXFrameworksBuildPhase;
			buildActionMask = 2147483647;
			files = (
			);
			runOnlyForDeploymentPostprocessing = 0;
		};
		F1C1583227CB9371002D06A8 /* Frameworks */ = {
			isa = PBXFrameworksBuildPhase;
			buildActionMask = 2147483647;
			files = (
			);
			runOnlyForDeploymentPostprocessing = 0;
		};
/* End PBXFrameworksBuildPhase section */

/* Begin PBXGroup section */
		F1C1581227CB936E002D06A8 = {
			isa = PBXGroup;
			children = (
				F1C1581D27CB936E002D06A8 /* AdaptProject */,
				F1C1582E27CB9371002D06A8 /* AdaptProjectTests */,
				F1C1583827CB9371002D06A8 /* AdaptProjectUITests */,
				F1C1581C27CB936E002D06A8 /* Products */,
			);
			sourceTree = "<group>";
		};
		F1C1581C27CB936E002D06A8 /* Products */ = {
			isa = PBXGroup;
			children = (
				F1C1581B27CB936E002D06A8 /* AdaptProject.app */,
				F1C1582B27CB9371002D06A8 /* AdaptProjectTests.xctest */,
				F1C1583527CB9371002D06A8 /* AdaptProjectUITests.xctest */,
			);
			name = Products;
			sourceTree = "<group>";
		};
		F1C1581D27CB936E002D06A8 /* AdaptProject */ = {
			isa = PBXGroup;
			children = (
				F1C1585327CBC978002D06A8 /* Extensions */,
				F1C1584E27CBB438002D06A8 /* ViewModel */,
				F1C1584D27CBB433002D06A8 /* Views */,
				F1C1584827CB93DF002D06A8 /* Model */,
				F1C1581E27CB936E002D06A8 /* AdaptProjectApp.swift */,
				F1C1582027CB936E002D06A8 /* ContentView.swift */,
				F1C1582227CB9371002D06A8 /* Assets.xcassets */,
				F1C1582427CB9371002D06A8 /* Preview Content */,
			);
			path = AdaptProject;
			sourceTree = "<group>";
		};
		F1C1582427CB9371002D06A8 /* Preview Content */ = {
			isa = PBXGroup;
			children = (
				F1C1582527CB9371002D06A8 /* Preview Assets.xcassets */,
			);
			path = "Preview Content";
			sourceTree = "<group>";
		};
		F1C1582E27CB9371002D06A8 /* AdaptProjectTests */ = {
			isa = PBXGroup;
			children = (
				F1C1582F27CB9371002D06A8 /* AdaptProjectTests.swift */,
			);
			path = AdaptProjectTests;
			sourceTree = "<group>";
		};
		F1C1583827CB9371002D06A8 /* AdaptProjectUITests */ = {
			isa = PBXGroup;
			children = (
				F1C1583927CB9371002D06A8 /* AdaptProjectUITests.swift */,
				F1C1583B27CB9371002D06A8 /* AdaptProjectUITestsLaunchTests.swift */,
			);
			path = AdaptProjectUITests;
			sourceTree = "<group>";
		};
		F1C1584827CB93DF002D06A8 /* Model */ = {
			isa = PBXGroup;
			children = (
				F1C1584927CB9416002D06A8 /* Product.swift */,
				F1C1584B27CBAD5C002D06A8 /* Pictures.swift */,
			);
			path = Model;
			sourceTree = "<group>";
		};
		F1C1584D27CBB433002D06A8 /* Views */ = {
			isa = PBXGroup;
			children = (
				F1C1584F27CBB461002D06A8 /* ProductsListView.swift */,
				F1C1585627CCA86A002D06A8 /* ProductDetailsView.swift */,
			);
			path = Views;
			sourceTree = "<group>";
		};
		F1C1584E27CBB438002D06A8 /* ViewModel */ = {
			isa = PBXGroup;
			children = (
				F1C1585127CBB47E002D06A8 /* ProductsListViewModel.swift */,
			);
			path = ViewModel;
			sourceTree = "<group>";
		};
		F1C1585327CBC978002D06A8 /* Extensions */ = {
			isa = PBXGroup;
			children = (
				F1C1585427CBC995002D06A8 /* IntToDateConverter.swift */,
			);
			path = Extensions;
			sourceTree = "<group>";
		};
/* End PBXGroup section */

/* Begin PBXNativeTarget section */
		F1C1581A27CB936E002D06A8 /* AdaptProject */ = {
			isa = PBXNativeTarget;
			buildConfigurationList = F1C1583F27CB9371002D06A8 /* Build configuration list for PBXNativeTarget "AdaptProject" */;
			buildPhases = (
				F1C1581727CB936E002D06A8 /* Sources */,
				F1C1581827CB936E002D06A8 /* Frameworks */,
				F1C1581927CB936E002D06A8 /* Resources */,
			);
			buildRules = (
			);
			dependencies = (
			);
			name = AdaptProject;
			productName = AdaptProject;
			productReference = F1C1581B27CB936E002D06A8 /* AdaptProject.app */;
			productType = "com.apple.product-type.application";
		};
		F1C1582A27CB9371002D06A8 /* AdaptProjectTests */ = {
			isa = PBXNativeTarget;
			buildConfigurationList = F1C1584227CB9371002D06A8 /* Build configuration list for PBXNativeTarget "AdaptProjectTests" */;
			buildPhases = (
				F1C1582727CB9371002D06A8 /* Sources */,
				F1C1582827CB9371002D06A8 /* Frameworks */,
				F1C1582927CB9371002D06A8 /* Resources */,
			);
			buildRules = (
			);
			dependencies = (
				F1C1582D27CB9371002D06A8 /* PBXTargetDependency */,
			);
			name = AdaptProjectTests;
			productName = AdaptProjectTests;
			productReference = F1C1582B27CB9371002D06A8 /* AdaptProjectTests.xctest */;
			productType = "com.apple.product-type.bundle.unit-test";
		};
		F1C1583427CB9371002D06A8 /* AdaptProjectUITests */ = {
			isa = PBXNativeTarget;
			buildConfigurationList = F1C1584527CB9371002D06A8 /* Build configuration list for PBXNativeTarget "AdaptProjectUITests" */;
			buildPhases = (
				F1C1583127CB9371002D06A8 /* Sources */,
				F1C1583227CB9371002D06A8 /* Frameworks */,
				F1C1583327CB9371002D06A8 /* Resources */,
			);
			buildRules = (
			);
			dependencies = (
				F1C1583727CB9371002D06A8 /* PBXTargetDependency */,
			);
			name = AdaptProjectUITests;
			productName = AdaptProjectUITests;
			productReference = F1C1583527CB9371002D06A8 /* AdaptProjectUITests.xctest */;
			productType = "com.apple.product-type.bundle.ui-testing";
		};
/* End PBXNativeTarget section */

/* Begin PBXProject section */
		F1C1581327CB936E002D06A8 /* Project object */ = {
			isa = PBXProject;
			attributes = {
				BuildIndependentTargetsInParallel = 1;
				LastSwiftUpdateCheck = 1320;
				LastUpgradeCheck = 1320;
				TargetAttributes = {
					F1C1581A27CB936E002D06A8 = {
						CreatedOnToolsVersion = 13.2.1;
					};
					F1C1582A27CB9371002D06A8 = {
						CreatedOnToolsVersion = 13.2.1;
						TestTargetID = F1C1581A27CB936E002D06A8;
					};
					F1C1583427CB9371002D06A8 = {
						CreatedOnToolsVersion = 13.2.1;
						TestTargetID = F1C1581A27CB936E002D06A8;
					};
				};
			};
			buildConfigurationList = F1C1581627CB936E002D06A8 /* Build configuration list for PBXProject "AdaptProject" */;
			compatibilityVersion = "Xcode 13.0";
			developmentRegion = en;
			hasScannedForEncodings = 0;
			knownRegions = (
				en,
				Base,
			);
			mainGroup = F1C1581227CB936E002D06A8;
			productRefGroup = F1C1581C27CB936E002D06A8 /* Products */;
			projectDirPath = "";
			projectRoot = "";
			targets = (
				F1C1581A27CB936E002D06A8 /* AdaptProject */,
				F1C1582A27CB9371002D06A8 /* AdaptProjectTests */,
				F1C1583427CB9371002D06A8 /* AdaptProjectUITests */,
			);
		};
/* End PBXProject section */

/* Begin PBXResourcesBuildPhase section */
		F1C1581927CB936E002D06A8 /* Resources */ = {
			isa = PBXResourcesBuildPhase;
			buildActionMask = 2147483647;
			files = (
				F1C1582627CB9371002D06A8 /* Preview Assets.xcassets in Resources */,
				F1C1582327CB9371002D06A8 /* Assets.xcassets in Resources */,
			);
			runOnlyForDeploymentPostprocessing = 0;
		};
		F1C1582927CB9371002D06A8 /* Resources */ = {
			isa = PBXResourcesBuildPhase;
			buildActionMask = 2147483647;
			files = (
			);
			runOnlyForDeploymentPostprocessing = 0;
		};
		F1C1583327CB9371002D06A8 /* Resources */ = {
			isa = PBXResourcesBuildPhase;
			buildActionMask = 2147483647;
			files = (
			);
			runOnlyForDeploymentPostprocessing = 0;
		};
/* End PBXResourcesBuildPhase section */

/* Begin PBXSourcesBuildPhase section */
		F1C1581727CB936E002D06A8 /* Sources */ = {
			isa = PBXSourcesBuildPhase;
			buildActionMask = 2147483647;
			files = (
				F1C1585027CBB461002D06A8 /* ProductsListView.swift in Sources */,
				F1C1585527CBC995002D06A8 /* IntToDateConverter.swift in Sources */,
				F1C1585727CCA86A002D06A8 /* ProductDetailsView.swift in Sources */,
				F1C1584C27CBAD5C002D06A8 /* Pictures.swift in Sources */,
				F1C1585227CBB47E002D06A8 /* ProductsListViewModel.swift in Sources */,
				F1C1584A27CB9416002D06A8 /* Product.swift in Sources */,
				F1C1582127CB936E002D06A8 /* ContentView.swift in Sources */,
				F1C1581F27CB936E002D06A8 /* AdaptProjectApp.swift in Sources */,
			);
			runOnlyForDeploymentPostprocessing = 0;
		};
		F1C1582727CB9371002D06A8 /* Sources */ = {
			isa = PBXSourcesBuildPhase;
			buildActionMask = 2147483647;
			files = (
				F1C1583027CB9371002D06A8 /* AdaptProjectTests.swift in Sources */,
			);
			runOnlyForDeploymentPostprocessing = 0;
		};
		F1C1583127CB9371002D06A8 /* Sources */ = {
			isa = PBXSourcesBuildPhase;
			buildActionMask = 2147483647;
			files = (
				F1C1583A27CB9371002D06A8 /* AdaptProjectUITests.swift in Sources */,
				F1C1583C27CB9371002D06A8 /* AdaptProjectUITestsLaunchTests.swift in Sources */,
			);
			runOnlyForDeploymentPostprocessing = 0;
		};
/* End PBXSourcesBuildPhase section */

/* Begin PBXTargetDependency section */
		F1C1582D27CB9371002D06A8 /* PBXTargetDependency */ = {
			isa = PBXTargetDependency;
			target = F1C1581A27CB936E002D06A8 /* AdaptProject */;
			targetProxy = F1C1582C27CB9371002D06A8 /* PBXContainerItemProxy */;
		};
		F1C1583727CB9371002D06A8 /* PBXTargetDependency */ = {
			isa = PBXTargetDependency;
			target = F1C1581A27CB936E002D06A8 /* AdaptProject */;
			targetProxy = F1C1583627CB9371002D06A8 /* PBXContainerItemProxy */;
		};
/* End PBXTargetDependency section */

/* Begin XCBuildConfiguration section */
		F1C1583D27CB9371002D06A8 /* Debug */ = {
			isa = XCBuildConfiguration;
			buildSettings = {
				ALWAYS_SEARCH_USER_PATHS = NO;
				CLANG_ANALYZER_NONNULL = YES;
				CLANG_ANALYZER_NUMBER_OBJECT_CONVERSION = YES_AGGRESSIVE;
				CLANG_CXX_LANGUAGE_STANDARD = "gnu++17";
				CLANG_CXX_LIBRARY = "libc++";
				CLANG_ENABLE_MODULES = YES;
				CLANG_ENABLE_OBJC_ARC = YES;
				CLANG_ENABLE_OBJC_WEAK = YES;
				CLANG_WARN_BLOCK_CAPTURE_AUTORELEASING = YES;
				CLANG_WARN_BOOL_CONVERSION = YES;
				CLANG_WARN_COMMA = YES;
				CLANG_WARN_CONSTANT_CONVERSION = YES;
				CLANG_WARN_DEPRECATED_OBJC_IMPLEMENTATIONS = YES;
				CLANG_WARN_DIRECT_OBJC_ISA_USAGE = YES_ERROR;
				CLANG_WARN_DOCUMENTATION_COMMENTS = YES;
				CLANG_WARN_EMPTY_BODY = YES;
				CLANG_WARN_ENUM_CONVERSION = YES;
				CLANG_WARN_INFINITE_RECURSION = YES;
				CLANG_WARN_INT_CONVERSION = YES;
				CLANG_WARN_NON_LITERAL_NULL_CONVERSION = YES;
				CLANG_WARN_OBJC_IMPLICIT_RETAIN_SELF = YES;
				CLANG_WARN_OBJC_LITERAL_CONVERSION = YES;
				CLANG_WARN_OBJC_ROOT_CLASS = YES_ERROR;
				CLANG_WARN_QUOTED_INCLUDE_IN_FRAMEWORK_HEADER = YES;
				CLANG_WARN_RANGE_LOOP_ANALYSIS = YES;
				CLANG_WARN_STRICT_PROTOTYPES = YES;
				CLANG_WARN_SUSPICIOUS_MOVE = YES;
				CLANG_WARN_UNGUARDED_AVAILABILITY = YES_AGGRESSIVE;
				CLANG_WARN_UNREACHABLE_CODE = YES;
				CLANG_WARN__DUPLICATE_METHOD_MATCH = YES;
				COPY_PHASE_STRIP = NO;
				DEBUG_INFORMATION_FORMAT = dwarf;
				ENABLE_STRICT_OBJC_MSGSEND = YES;
				ENABLE_TESTABILITY = YES;
				GCC_C_LANGUAGE_STANDARD = gnu11;
				GCC_DYNAMIC_NO_PIC = NO;
				GCC_NO_COMMON_BLOCKS = YES;
				GCC_OPTIMIZATION_LEVEL = 0;
				GCC_PREPROCESSOR_DEFINITIONS = (
					"DEBUG=1",
					"$(inherited)",
				);
				GCC_WARN_64_TO_32_BIT_CONVERSION = YES;
				GCC_WARN_ABOUT_RETURN_TYPE = YES_ERROR;
				GCC_WARN_UNDECLARED_SELECTOR = YES;
				GCC_WARN_UNINITIALIZED_AUTOS = YES_AGGRESSIVE;
				GCC_WARN_UNUSED_FUNCTION = YES;
				GCC_WARN_UNUSED_VARIABLE = YES;
				IPHONEOS_DEPLOYMENT_TARGET = 15.2;
				MTL_ENABLE_DEBUG_INFO = INCLUDE_SOURCE;
				MTL_FAST_MATH = YES;
				ONLY_ACTIVE_ARCH = YES;
				SDKROOT = iphoneos;
				SWIFT_ACTIVE_COMPILATION_CONDITIONS = DEBUG;
				SWIFT_OPTIMIZATION_LEVEL = "-Onone";
			};
			name = Debug;
		};
		F1C1583E27CB9371002D06A8 /* Release */ = {
			isa = XCBuildConfiguration;
			buildSettings = {
				ALWAYS_SEARCH_USER_PATHS = NO;
				CLANG_ANALYZER_NONNULL = YES;
				CLANG_ANALYZER_NUMBER_OBJECT_CONVERSION = YES_AGGRESSIVE;
				CLANG_CXX_LANGUAGE_STANDARD = "gnu++17";
				CLANG_CXX_LIBRARY = "libc++";
				CLANG_ENABLE_MODULES = YES;
				CLANG_ENABLE_OBJC_ARC = YES;
				CLANG_ENABLE_OBJC_WEAK = YES;
				CLANG_WARN_BLOCK_CAPTURE_AUTORELEASING = YES;
				CLANG_WARN_BOOL_CONVERSION = YES;
				CLANG_WARN_COMMA = YES;
				CLANG_WARN_CONSTANT_CONVERSION = YES;
				CLANG_WARN_DEPRECATED_OBJC_IMPLEMENTATIONS = YES;
				CLANG_WARN_DIRECT_OBJC_ISA_USAGE = YES_ERROR;
				CLANG_WARN_DOCUMENTATION_COMMENTS = YES;
				CLANG_WARN_EMPTY_BODY = YES;
				CLANG_WARN_ENUM_CONVERSION = YES;
				CLANG_WARN_INFINITE_RECURSION = YES;
				CLANG_WARN_INT_CONVERSION = YES;
				CLANG_WARN_NON_LITERAL_NULL_CONVERSION = YES;
				CLANG_WARN_OBJC_IMPLICIT_RETAIN_SELF = YES;
				CLANG_WARN_OBJC_LITERAL_CONVERSION = YES;
				CLANG_WARN_OBJC_ROOT_CLASS = YES_ERROR;
				CLANG_WARN_QUOTED_INCLUDE_IN_FRAMEWORK_HEADER = YES;
				CLANG_WARN_RANGE_LOOP_ANALYSIS = YES;
				CLANG_WARN_STRICT_PROTOTYPES = YES;
				CLANG_WARN_SUSPICIOUS_MOVE = YES;
				CLANG_WARN_UNGUARDED_AVAILABILITY = YES_AGGRESSIVE;
				CLANG_WARN_UNREACHABLE_CODE = YES;
				CLANG_WARN__DUPLICATE_METHOD_MATCH = YES;
				COPY_PHASE_STRIP = NO;
				DEBUG_INFORMATION_FORMAT = "dwarf-with-dsym";
				ENABLE_NS_ASSERTIONS = NO;
				ENABLE_STRICT_OBJC_MSGSEND = YES;
				GCC_C_LANGUAGE_STANDARD = gnu11;
				GCC_NO_COMMON_BLOCKS = YES;
				GCC_WARN_64_TO_32_BIT_CONVERSION = YES;
				GCC_WARN_ABOUT_RETURN_TYPE = YES_ERROR;
				GCC_WARN_UNDECLARED_SELECTOR = YES;
				GCC_WARN_UNINITIALIZED_AUTOS = YES_AGGRESSIVE;
				GCC_WARN_UNUSED_FUNCTION = YES;
				GCC_WARN_UNUSED_VARIABLE = YES;
				IPHONEOS_DEPLOYMENT_TARGET = 15.2;
				MTL_ENABLE_DEBUG_INFO = NO;
				MTL_FAST_MATH = YES;
				SDKROOT = iphoneos;
				SWIFT_COMPILATION_MODE = wholemodule;
				SWIFT_OPTIMIZATION_LEVEL = "-O";
				VALIDATE_PRODUCT = YES;
			};
			name = Release;
		};
		F1C1584027CB9371002D06A8 /* Debug */ = {
			isa = XCBuildConfiguration;
			buildSettings = {
				ASSETCATALOG_COMPILER_APPICON_NAME = AppIcon;
				ASSETCATALOG_COMPILER_GLOBAL_ACCENT_COLOR_NAME = AccentColor;
				CODE_SIGN_STYLE = Automatic;
				CURRENT_PROJECT_VERSION = 1;
				DEVELOPMENT_ASSET_PATHS = "\"AdaptProject/Preview Content\"";
				ENABLE_PREVIEWS = YES;
				GENERATE_INFOPLIST_FILE = YES;
				INFOPLIST_KEY_UIApplicationSceneManifest_Generation = YES;
				INFOPLIST_KEY_UIApplicationSupportsIndirectInputEvents = YES;
				INFOPLIST_KEY_UILaunchScreen_Generation = YES;
				INFOPLIST_KEY_UISupportedInterfaceOrientations_iPad = "UIInterfaceOrientationPortrait UIInterfaceOrientationPortraitUpsideDown UIInterfaceOrientationLandscapeLeft UIInterfaceOrientationLandscapeRight";
				INFOPLIST_KEY_UISupportedInterfaceOrientations_iPhone = "UIInterfaceOrientationPortrait UIInterfaceOrientationLandscapeLeft UIInterfaceOrientationLandscapeRight";
				IPHONEOS_DEPLOYMENT_TARGET = 15.2;
				LD_RUNPATH_SEARCH_PATHS = (
					"$(inherited)",
					"@executable_path/Frameworks",
				);
				MARKETING_VERSION = 1.0;
				PRODUCT_BUNDLE_IDENTIFIER = com.krivenkis.AdaptProject;
				PRODUCT_NAME = "$(TARGET_NAME)";
				SWIFT_EMIT_LOC_STRINGS = YES;
				SWIFT_VERSION = 5.0;
				TARGETED_DEVICE_FAMILY = "1,2";
			};
			name = Debug;
		};
		F1C1584127CB9371002D06A8 /* Release */ = {
			isa = XCBuildConfiguration;
			buildSettings = {
				ASSETCATALOG_COMPILER_APPICON_NAME = AppIcon;
				ASSETCATALOG_COMPILER_GLOBAL_ACCENT_COLOR_NAME = AccentColor;
				CODE_SIGN_STYLE = Automatic;
				CURRENT_PROJECT_VERSION = 1;
				DEVELOPMENT_ASSET_PATHS = "\"AdaptProject/Preview Content\"";
				ENABLE_PREVIEWS = YES;
				GENERATE_INFOPLIST_FILE = YES;
				INFOPLIST_KEY_UIApplicationSceneManifest_Generation = YES;
				INFOPLIST_KEY_UIApplicationSupportsIndirectInputEvents = YES;
				INFOPLIST_KEY_UILaunchScreen_Generation = YES;
				INFOPLIST_KEY_UISupportedInterfaceOrientations_iPad = "UIInterfaceOrientationPortrait UIInterfaceOrientationPortraitUpsideDown UIInterfaceOrientationLandscapeLeft UIInterfaceOrientationLandscapeRight";
				INFOPLIST_KEY_UISupportedInterfaceOrientations_iPhone = "UIInterfaceOrientationPortrait UIInterfaceOrientationLandscapeLeft UIInterfaceOrientationLandscapeRight";
				IPHONEOS_DEPLOYMENT_TARGET = 15.2;
				LD_RUNPATH_SEARCH_PATHS = (
					"$(inherited)",
					"@executable_path/Frameworks",
				);
				MARKETING_VERSION = 1.0;
				PRODUCT_BUNDLE_IDENTIFIER = com.krivenkis.AdaptProject;
				PRODUCT_NAME = "$(TARGET_NAME)";
				SWIFT_EMIT_LOC_STRINGS = YES;
				SWIFT_VERSION = 5.0;
				TARGETED_DEVICE_FAMILY = "1,2";
			};
			name = Release;
		};
		F1C1584327CB9371002D06A8 /* Debug */ = {
			isa = XCBuildConfiguration;
			buildSettings = {
				ALWAYS_EMBED_SWIFT_STANDARD_LIBRARIES = YES;
				BUNDLE_LOADER = "$(TEST_HOST)";
				CODE_SIGN_STYLE = Automatic;
				CURRENT_PROJECT_VERSION = 1;
				GENERATE_INFOPLIST_FILE = YES;
				IPHONEOS_DEPLOYMENT_TARGET = 15.2;
				MARKETING_VERSION = 1.0;
				PRODUCT_BUNDLE_IDENTIFIER = com.krivenkis.AdaptProjectTests;
				PRODUCT_NAME = "$(TARGET_NAME)";
				SWIFT_EMIT_LOC_STRINGS = NO;
				SWIFT_VERSION = 5.0;
				TARGETED_DEVICE_FAMILY = "1,2";
				TEST_HOST = "$(BUILT_PRODUCTS_DIR)/AdaptProject.app/AdaptProject";
			};
			name = Debug;
		};
		F1C1584427CB9371002D06A8 /* Release */ = {
			isa = XCBuildConfiguration;
			buildSettings = {
				ALWAYS_EMBED_SWIFT_STANDARD_LIBRARIES = YES;
				BUNDLE_LOADER = "$(TEST_HOST)";
				CODE_SIGN_STYLE = Automatic;
				CURRENT_PROJECT_VERSION = 1;
				GENERATE_INFOPLIST_FILE = YES;
				IPHONEOS_DEPLOYMENT_TARGET = 15.2;
				MARKETING_VERSION = 1.0;
				PRODUCT_BUNDLE_IDENTIFIER = com.krivenkis.AdaptProjectTests;
				PRODUCT_NAME = "$(TARGET_NAME)";
				SWIFT_EMIT_LOC_STRINGS = NO;
				SWIFT_VERSION = 5.0;
				TARGETED_DEVICE_FAMILY = "1,2";
				TEST_HOST = "$(BUILT_PRODUCTS_DIR)/AdaptProject.app/AdaptProject";
			};
			name = Release;
		};
		F1C1584627CB9371002D06A8 /* Debug */ = {
			isa = XCBuildConfiguration;
			buildSettings = {
				ALWAYS_EMBED_SWIFT_STANDARD_LIBRARIES = YES;
				CODE_SIGN_STYLE = Automatic;
				CURRENT_PROJECT_VERSION = 1;
				GENERATE_INFOPLIST_FILE = YES;
				MARKETING_VERSION = 1.0;
				PRODUCT_BUNDLE_IDENTIFIER = com.krivenkis.AdaptProjectUITests;
				PRODUCT_NAME = "$(TARGET_NAME)";
				SWIFT_EMIT_LOC_STRINGS = NO;
				SWIFT_VERSION = 5.0;
				TARGETED_DEVICE_FAMILY = "1,2";
				TEST_TARGET_NAME = AdaptProject;
			};
			name = Debug;
		};
		F1C1584727CB9371002D06A8 /* Release */ = {
			isa = XCBuildConfiguration;
			buildSettings = {
				ALWAYS_EMBED_SWIFT_STANDARD_LIBRARIES = YES;
				CODE_SIGN_STYLE = Automatic;
				CURRENT_PROJECT_VERSION = 1;
				GENERATE_INFOPLIST_FILE = YES;
				MARKETING_VERSION = 1.0;
				PRODUCT_BUNDLE_IDENTIFIER = com.krivenkis.AdaptProjectUITests;
				PRODUCT_NAME = "$(TARGET_NAME)";
				SWIFT_EMIT_LOC_STRINGS = NO;
				SWIFT_VERSION = 5.0;
				TARGETED_DEVICE_FAMILY = "1,2";
				TEST_TARGET_NAME = AdaptProject;
			};
			name = Release;
		};
/* End XCBuildConfiguration section */

/* Begin XCConfigurationList section */
		F1C1581627CB936E002D06A8 /* Build configuration list for PBXProject "AdaptProject" */ = {
			isa = XCConfigurationList;
			buildConfigurations = (
				F1C1583D27CB9371002D06A8 /* Debug */,
				F1C1583E27CB9371002D06A8 /* Release */,
			);
			defaultConfigurationIsVisible = 0;
			defaultConfigurationName = Release;
		};
		F1C1583F27CB9371002D06A8 /* Build configuration list for PBXNativeTarget "AdaptProject" */ = {
			isa = XCConfigurationList;
			buildConfigurations = (
				F1C1584027CB9371002D06A8 /* Debug */,
				F1C1584127CB9371002D06A8 /* Release */,
			);
			defaultConfigurationIsVisible = 0;
			defaultConfigurationName = Release;
		};
		F1C1584227CB9371002D06A8 /* Build configuration list for PBXNativeTarget "AdaptProjectTests" */ = {
			isa = XCConfigurationList;
			buildConfigurations = (
				F1C1584327CB9371002D06A8 /* Debug */,
				F1C1584427CB9371002D06A8 /* Release */,
			);
			defaultConfigurationIsVisible = 0;
			defaultConfigurationName = Release;
		};
		F1C1584527CB9371002D06A8 /* Build configuration list for PBXNativeTarget "AdaptProjectUITests" */ = {
			isa = XCConfigurationList;
			buildConfigurations = (
				F1C1584627CB9371002D06A8 /* Debug */,
				F1C1584727CB9371002D06A8 /* Release */,
			);
			defaultConfigurationIsVisible = 0;
			defaultConfigurationName = Release;
		};
/* End XCConfigurationList section */
	};
	rootObject = F1C1581327CB936E002D06A8 /* Project object */;
}
